
Microsoft Visual Studio Solution File, Format Version 12.00
# Visual Studio Version 16
VisualStudioVersion = 16.0.33214.272
MinimumVisualStudioVersion = 10.0.40219.1
Project("{FAE04EC0-301F-11D3-BF4B-00C04F79EFBC}") = "ConsoleAppDemo1", "ConsoleAppDemo1.csproj", "{033AC486-A1FA-4546-B030-7D184E54E2B1}"
EndProject
Global
	GlobalSection(SolutionConfigurationPlatforms) = preSolution
		Debug|Any CPU = Debug|Any CPU
		Release|Any CPU = Release|Any CPU
	EndGlobalSection
	GlobalSection(ProjectConfigurationPlatforms) = postSolution
		{033AC486-A1FA-4546-B030-7D184E54E2B1}.Debug|Any CPU.ActiveCfg = Debug|Any CPU
		{033AC486-A1FA-4546-B030-7D184E54E2B1}.Debug|Any CPU.Build.0 = Debug|Any CPU
		{033AC486-A1FA-4546-B030-7D184E54E2B1}.Release|Any CPU.ActiveCfg = Release|Any CPU
		{033AC486-A1FA-4546-B030-7D184E54E2B1}.Release|Any CPU.Build.0 = Release|Any CPU
	EndGlobalSection
	GlobalSection(SolutionProperties) = preSolution
		HideSolutionNode = FALSE
	EndGlobalSection
	GlobalSection(ExtensibilityGlobals) = postSolution
		SolutionGuid = {986F64D4-D924-495A-97E1-846D74B543B0}
	EndGlobalSection
EndGlobal
